// !$*UTF8*$!
{
	archiveVersion = 1;
	classes = {
	};
	objectVersion = 52;
	objects = {

/* Begin PBXBuildFile section */
		B30F82D425BD3EE10079091D /* PlaylistAgent.swift in Sources */ = {isa = PBXBuildFile; fileRef = B30F82D325BD3EE10079091D /* PlaylistAgent.swift */; };
		B30F82DC25BD4F3C0079091D /* Playlists.swift in Sources */ = {isa = PBXBuildFile; fileRef = B30F82DB25BD4F3C0079091D /* Playlists.swift */; };
		B30F82E125BD55660079091D /* PlaylistRouter.swift in Sources */ = {isa = PBXBuildFile; fileRef = B30F82E025BD55660079091D /* PlaylistRouter.swift */; };
		B366847425B95554009C9F72 /* LisztomaniaApp.swift in Sources */ = {isa = PBXBuildFile; fileRef = B366847325B95554009C9F72 /* LisztomaniaApp.swift */; };
		B366847625B95554009C9F72 /* HomeView.swift in Sources */ = {isa = PBXBuildFile; fileRef = B366847525B95554009C9F72 /* HomeView.swift */; };
		B366847825B95556009C9F72 /* Assets.xcassets in Resources */ = {isa = PBXBuildFile; fileRef = B366847725B95556009C9F72 /* Assets.xcassets */; };
		B366847B25B95556009C9F72 /* Preview Assets.xcassets in Resources */ = {isa = PBXBuildFile; fileRef = B366847A25B95556009C9F72 /* Preview Assets.xcassets */; };
		B366848625B95557009C9F72 /* LisztomaniaTests.swift in Sources */ = {isa = PBXBuildFile; fileRef = B366848525B95557009C9F72 /* LisztomaniaTests.swift */; };
		B366849125B95557009C9F72 /* LisztomaniaUITests.swift in Sources */ = {isa = PBXBuildFile; fileRef = B366849025B95557009C9F72 /* LisztomaniaUITests.swift */; };
		B36684BD25B9565F009C9F72 /* AppState.swift in Sources */ = {isa = PBXBuildFile; fileRef = B36684B025B9565F009C9F72 /* AppState.swift */; };
		B36684BE25B9565F009C9F72 /* AppReducer.swift in Sources */ = {isa = PBXBuildFile; fileRef = B36684B125B9565F009C9F72 /* AppReducer.swift */; };
		B36684BF25B9565F009C9F72 /* AppAction.swift in Sources */ = {isa = PBXBuildFile; fileRef = B36684B225B9565F009C9F72 /* AppAction.swift */; };
		B36684C025B9565F009C9F72 /* PlaylistState.swift in Sources */ = {isa = PBXBuildFile; fileRef = B36684B425B9565F009C9F72 /* PlaylistState.swift */; };
		B36684C125B9565F009C9F72 /* PlaylistReducer.swift in Sources */ = {isa = PBXBuildFile; fileRef = B36684B525B9565F009C9F72 /* PlaylistReducer.swift */; };
		B36684C225B9565F009C9F72 /* PlaylistAction.swift in Sources */ = {isa = PBXBuildFile; fileRef = B36684B625B9565F009C9F72 /* PlaylistAction.swift */; };
		B36684C625B9565F009C9F72 /* Store.swift in Sources */ = {isa = PBXBuildFile; fileRef = B36684BB25B9565F009C9F72 /* Store.swift */; };
		B36684C725B9565F009C9F72 /* World.swift in Sources */ = {isa = PBXBuildFile; fileRef = B36684BC25B9565F009C9F72 /* World.swift */; };
		B36684CD25B9596C009C9F72 /* SpotifyiOS.framework in Frameworks */ = {isa = PBXBuildFile; fileRef = B36684CC25B9596C009C9F72 /* SpotifyiOS.framework */; };
		B393217325B9A5E2008DA94F /* Agent.swift in Sources */ = {isa = PBXBuildFile; fileRef = B393217225B9A5E2008DA94F /* Agent.swift */; };
		B393217B25B9A8B9008DA94F /* AgentRequest.swift in Sources */ = {isa = PBXBuildFile; fileRef = B393217A25B9A8B9008DA94F /* AgentRequest.swift */; };
		B393218525B9ABE2008DA94F /* MeRouter.swift in Sources */ = {isa = PBXBuildFile; fileRef = B393218425B9ABE2008DA94F /* MeRouter.swift */; };
		B393218E25B9AC84008DA94F /* Constants.swift in Sources */ = {isa = PBXBuildFile; fileRef = B393218D25B9AC84008DA94F /* Constants.swift */; };
		B393219425B9AF31008DA94F /* ApiRouter.swift in Sources */ = {isa = PBXBuildFile; fileRef = B393219325B9AF31008DA94F /* ApiRouter.swift */; };
		B393219D25B9B1A1008DA94F /* MeAgent.swift in Sources */ = {isa = PBXBuildFile; fileRef = B393219C25B9B1A1008DA94F /* MeAgent.swift */; };
		B39321AD25B9B7F9008DA94F /* User.swift in Sources */ = {isa = PBXBuildFile; fileRef = B39321AC25B9B7F9008DA94F /* User.swift */; };
		B3B1931825BEED7C003EE0FF /* Kingfisher in Frameworks */ = {isa = PBXBuildFile; productRef = B3B1931725BEED7C003EE0FF /* Kingfisher */; };
/* End PBXBuildFile section */

/* Begin PBXContainerItemProxy section */
		B366848225B95557009C9F72 /* PBXContainerItemProxy */ = {
			isa = PBXContainerItemProxy;
			containerPortal = B366846825B95554009C9F72 /* Project object */;
			proxyType = 1;
			remoteGlobalIDString = B366846F25B95554009C9F72;
			remoteInfo = Lisztomania;
		};
		B366848D25B95557009C9F72 /* PBXContainerItemProxy */ = {
			isa = PBXContainerItemProxy;
			containerPortal = B366846825B95554009C9F72 /* Project object */;
			proxyType = 1;
			remoteGlobalIDString = B366846F25B95554009C9F72;
			remoteInfo = Lisztomania;
		};
/* End PBXContainerItemProxy section */

/* Begin PBXFileReference section */
		B30F82D325BD3EE10079091D /* PlaylistAgent.swift */ = {isa = PBXFileReference; lastKnownFileType = sourcecode.swift; path = PlaylistAgent.swift; sourceTree = "<group>"; };
		B30F82DB25BD4F3C0079091D /* Playlists.swift */ = {isa = PBXFileReference; lastKnownFileType = sourcecode.swift; path = Playlists.swift; sourceTree = "<group>"; };
		B30F82E025BD55660079091D /* PlaylistRouter.swift */ = {isa = PBXFileReference; lastKnownFileType = sourcecode.swift; path = PlaylistRouter.swift; sourceTree = "<group>"; };
		B366847025B95554009C9F72 /* Lisztomania.app */ = {isa = PBXFileReference; explicitFileType = wrapper.application; includeInIndex = 0; path = Lisztomania.app; sourceTree = BUILT_PRODUCTS_DIR; };
		B366847325B95554009C9F72 /* LisztomaniaApp.swift */ = {isa = PBXFileReference; lastKnownFileType = sourcecode.swift; path = LisztomaniaApp.swift; sourceTree = "<group>"; };
		B366847525B95554009C9F72 /* HomeView.swift */ = {isa = PBXFileReference; lastKnownFileType = sourcecode.swift; path = HomeView.swift; sourceTree = "<group>"; };
		B366847725B95556009C9F72 /* Assets.xcassets */ = {isa = PBXFileReference; lastKnownFileType = folder.assetcatalog; path = Assets.xcassets; sourceTree = "<group>"; };
		B366847A25B95556009C9F72 /* Preview Assets.xcassets */ = {isa = PBXFileReference; lastKnownFileType = folder.assetcatalog; path = "Preview Assets.xcassets"; sourceTree = "<group>"; };
		B366847C25B95556009C9F72 /* Info.plist */ = {isa = PBXFileReference; lastKnownFileType = text.plist.xml; path = Info.plist; sourceTree = "<group>"; };
		B366848125B95557009C9F72 /* LisztomaniaTests.xctest */ = {isa = PBXFileReference; explicitFileType = wrapper.cfbundle; includeInIndex = 0; path = LisztomaniaTests.xctest; sourceTree = BUILT_PRODUCTS_DIR; };
		B366848525B95557009C9F72 /* LisztomaniaTests.swift */ = {isa = PBXFileReference; lastKnownFileType = sourcecode.swift; path = LisztomaniaTests.swift; sourceTree = "<group>"; };
		B366848725B95557009C9F72 /* Info.plist */ = {isa = PBXFileReference; lastKnownFileType = text.plist.xml; path = Info.plist; sourceTree = "<group>"; };
		B366848C25B95557009C9F72 /* LisztomaniaUITests.xctest */ = {isa = PBXFileReference; explicitFileType = wrapper.cfbundle; includeInIndex = 0; path = LisztomaniaUITests.xctest; sourceTree = BUILT_PRODUCTS_DIR; };
		B366849025B95557009C9F72 /* LisztomaniaUITests.swift */ = {isa = PBXFileReference; lastKnownFileType = sourcecode.swift; path = LisztomaniaUITests.swift; sourceTree = "<group>"; };
		B366849225B95557009C9F72 /* Info.plist */ = {isa = PBXFileReference; lastKnownFileType = text.plist.xml; path = Info.plist; sourceTree = "<group>"; };
		B36684B025B9565F009C9F72 /* AppState.swift */ = {isa = PBXFileReference; fileEncoding = 4; lastKnownFileType = sourcecode.swift; path = AppState.swift; sourceTree = "<group>"; };
		B36684B125B9565F009C9F72 /* AppReducer.swift */ = {isa = PBXFileReference; fileEncoding = 4; lastKnownFileType = sourcecode.swift; path = AppReducer.swift; sourceTree = "<group>"; };
		B36684B225B9565F009C9F72 /* AppAction.swift */ = {isa = PBXFileReference; fileEncoding = 4; lastKnownFileType = sourcecode.swift; path = AppAction.swift; sourceTree = "<group>"; };
		B36684B425B9565F009C9F72 /* PlaylistState.swift */ = {isa = PBXFileReference; fileEncoding = 4; lastKnownFileType = sourcecode.swift; path = PlaylistState.swift; sourceTree = "<group>"; };
		B36684B525B9565F009C9F72 /* PlaylistReducer.swift */ = {isa = PBXFileReference; fileEncoding = 4; lastKnownFileType = sourcecode.swift; path = PlaylistReducer.swift; sourceTree = "<group>"; };
		B36684B625B9565F009C9F72 /* PlaylistAction.swift */ = {isa = PBXFileReference; fileEncoding = 4; lastKnownFileType = sourcecode.swift; path = PlaylistAction.swift; sourceTree = "<group>"; };
		B36684BB25B9565F009C9F72 /* Store.swift */ = {isa = PBXFileReference; fileEncoding = 4; lastKnownFileType = sourcecode.swift; path = Store.swift; sourceTree = "<group>"; };
		B36684BC25B9565F009C9F72 /* World.swift */ = {isa = PBXFileReference; fileEncoding = 4; lastKnownFileType = sourcecode.swift; path = World.swift; sourceTree = "<group>"; };
		B36684CC25B9596C009C9F72 /* SpotifyiOS.framework */ = {isa = PBXFileReference; lastKnownFileType = wrapper.framework; path = SpotifyiOS.framework; sourceTree = "<group>"; };
		B36684DA25B95B82009C9F72 /* Lisztomania-Bridging-Header.h */ = {isa = PBXFileReference; lastKnownFileType = sourcecode.c.h; path = "Lisztomania-Bridging-Header.h"; sourceTree = "<group>"; };
		B393217225B9A5E2008DA94F /* Agent.swift */ = {isa = PBXFileReference; lastKnownFileType = sourcecode.swift; path = Agent.swift; sourceTree = "<group>"; };
		B393217A25B9A8B9008DA94F /* AgentRequest.swift */ = {isa = PBXFileReference; lastKnownFileType = sourcecode.swift; path = AgentRequest.swift; sourceTree = "<group>"; };
		B393218425B9ABE2008DA94F /* MeRouter.swift */ = {isa = PBXFileReference; lastKnownFileType = sourcecode.swift; path = MeRouter.swift; sourceTree = "<group>"; };
		B393218D25B9AC84008DA94F /* Constants.swift */ = {isa = PBXFileReference; lastKnownFileType = sourcecode.swift; path = Constants.swift; sourceTree = "<group>"; };
		B393219325B9AF31008DA94F /* ApiRouter.swift */ = {isa = PBXFileReference; lastKnownFileType = sourcecode.swift; path = ApiRouter.swift; sourceTree = "<group>"; };
		B393219C25B9B1A1008DA94F /* MeAgent.swift */ = {isa = PBXFileReference; lastKnownFileType = sourcecode.swift; path = MeAgent.swift; sourceTree = "<group>"; };
		B39321AC25B9B7F9008DA94F /* User.swift */ = {isa = PBXFileReference; lastKnownFileType = sourcecode.swift; path = User.swift; sourceTree = "<group>"; };
/* End PBXFileReference section */

/* Begin PBXFrameworksBuildPhase section */
		B366846D25B95554009C9F72 /* Frameworks */ = {
			isa = PBXFrameworksBuildPhase;
			buildActionMask = 2147483647;
			files = (
				B3B1931825BEED7C003EE0FF /* Kingfisher in Frameworks */,
				B36684CD25B9596C009C9F72 /* SpotifyiOS.framework in Frameworks */,
			);
			runOnlyForDeploymentPostprocessing = 0;
		};
		B366847E25B95557009C9F72 /* Frameworks */ = {
			isa = PBXFrameworksBuildPhase;
			buildActionMask = 2147483647;
			files = (
			);
			runOnlyForDeploymentPostprocessing = 0;
		};
		B366848925B95557009C9F72 /* Frameworks */ = {
			isa = PBXFrameworksBuildPhase;
			buildActionMask = 2147483647;
			files = (
			);
			runOnlyForDeploymentPostprocessing = 0;
		};
/* End PBXFrameworksBuildPhase section */

/* Begin PBXGroup section */
		B366846725B95554009C9F72 = {
			isa = PBXGroup;
			children = (
				B36684DA25B95B82009C9F72 /* Lisztomania-Bridging-Header.h */,
				B36684CC25B9596C009C9F72 /* SpotifyiOS.framework */,
				B366847225B95554009C9F72 /* Lisztomania */,
				B366848425B95557009C9F72 /* LisztomaniaTests */,
				B366848F25B95557009C9F72 /* LisztomaniaUITests */,
				B366847125B95554009C9F72 /* Products */,
			);
			sourceTree = "<group>";
		};
		B366847125B95554009C9F72 /* Products */ = {
			isa = PBXGroup;
			children = (
				B366847025B95554009C9F72 /* Lisztomania.app */,
				B366848125B95557009C9F72 /* LisztomaniaTests.xctest */,
				B366848C25B95557009C9F72 /* LisztomaniaUITests.xctest */,
			);
			name = Products;
			sourceTree = "<group>";
		};
		B366847225B95554009C9F72 /* Lisztomania */ = {
			isa = PBXGroup;
			children = (
				B39321AB25B9B7F0008DA94F /* Models */,
				B393219225B9AF20008DA94F /* Protocols */,
				B393218C25B9AC71008DA94F /* Constants */,
				B393217125B9A5CE008DA94F /* Network */,
				B36684A125B955C1009C9F72 /* Defaults */,
				B366847925B95556009C9F72 /* Preview Content */,
				B36684A425B955E2009C9F72 /* Resources */,
				B36684A225B955D0009C9F72 /* Scenes */,
				B36684AF25B9565F009C9F72 /* Store */,
				B36684A525B955E7009C9F72 /* Supporting Files */,
			);
			path = Lisztomania;
			sourceTree = "<group>";
		};
		B366847925B95556009C9F72 /* Preview Content */ = {
			isa = PBXGroup;
			children = (
				B366847A25B95556009C9F72 /* Preview Assets.xcassets */,
			);
			path = "Preview Content";
			sourceTree = "<group>";
		};
		B366848425B95557009C9F72 /* LisztomaniaTests */ = {
			isa = PBXGroup;
			children = (
				B366848525B95557009C9F72 /* LisztomaniaTests.swift */,
				B366848725B95557009C9F72 /* Info.plist */,
			);
			path = LisztomaniaTests;
			sourceTree = "<group>";
		};
		B366848F25B95557009C9F72 /* LisztomaniaUITests */ = {
			isa = PBXGroup;
			children = (
				B366849025B95557009C9F72 /* LisztomaniaUITests.swift */,
				B366849225B95557009C9F72 /* Info.plist */,
			);
			path = LisztomaniaUITests;
			sourceTree = "<group>";
		};
		B36684A125B955C1009C9F72 /* Defaults */ = {
			isa = PBXGroup;
			children = (
				B366847325B95554009C9F72 /* LisztomaniaApp.swift */,
			);
			path = Defaults;
			sourceTree = "<group>";
		};
		B36684A225B955D0009C9F72 /* Scenes */ = {
			isa = PBXGroup;
			children = (
				B36684A325B955DE009C9F72 /* Onboarding */,
			);
			path = Scenes;
			sourceTree = "<group>";
		};
		B36684A325B955DE009C9F72 /* Onboarding */ = {
			isa = PBXGroup;
			children = (
				B366847525B95554009C9F72 /* HomeView.swift */,
			);
			path = Onboarding;
			sourceTree = "<group>";
		};
		B36684A425B955E2009C9F72 /* Resources */ = {
			isa = PBXGroup;
			children = (
				B366847725B95556009C9F72 /* Assets.xcassets */,
			);
			path = Resources;
			sourceTree = "<group>";
		};
		B36684A525B955E7009C9F72 /* Supporting Files */ = {
			isa = PBXGroup;
			children = (
				B366847C25B95556009C9F72 /* Info.plist */,
			);
			path = "Supporting Files";
			sourceTree = "<group>";
		};
		B36684AF25B9565F009C9F72 /* Store */ = {
			isa = PBXGroup;
			children = (
				B36684B325B9565F009C9F72 /* Playlist */,
				B36684B025B9565F009C9F72 /* AppState.swift */,
				B36684B125B9565F009C9F72 /* AppReducer.swift */,
				B36684B225B9565F009C9F72 /* AppAction.swift */,
				B36684BB25B9565F009C9F72 /* Store.swift */,
				B36684BC25B9565F009C9F72 /* World.swift */,
			);
			path = Store;
			sourceTree = "<group>";
		};
		B36684B325B9565F009C9F72 /* Playlist */ = {
			isa = PBXGroup;
			children = (
				B36684B425B9565F009C9F72 /* PlaylistState.swift */,
				B36684B525B9565F009C9F72 /* PlaylistReducer.swift */,
				B36684B625B9565F009C9F72 /* PlaylistAction.swift */,
			);
			path = Playlist;
			sourceTree = "<group>";
		};
		B393217125B9A5CE008DA94F /* Network */ = {
			isa = PBXGroup;
			children = (
				B393219B25B9B181008DA94F /* Services */,
				B393218325B9ABCD008DA94F /* Routers */,
				B393217225B9A5E2008DA94F /* Agent.swift */,
				B393217A25B9A8B9008DA94F /* AgentRequest.swift */,
			);
			path = Network;
			sourceTree = "<group>";
		};
		B393218325B9ABCD008DA94F /* Routers */ = {
			isa = PBXGroup;
			children = (
				B393218425B9ABE2008DA94F /* MeRouter.swift */,
				B30F82E025BD55660079091D /* PlaylistRouter.swift */,
			);
			path = Routers;
			sourceTree = "<group>";
		};
		B393218C25B9AC71008DA94F /* Constants */ = {
			isa = PBXGroup;
			children = (
				B393218D25B9AC84008DA94F /* Constants.swift */,
			);
			path = Constants;
			sourceTree = "<group>";
		};
		B393219225B9AF20008DA94F /* Protocols */ = {
			isa = PBXGroup;
			children = (
				B393219325B9AF31008DA94F /* ApiRouter.swift */,
			);
			path = Protocols;
			sourceTree = "<group>";
		};
		B393219B25B9B181008DA94F /* Services */ = {
			isa = PBXGroup;
			children = (
				B393219C25B9B1A1008DA94F /* MeAgent.swift */,
				B30F82D325BD3EE10079091D /* PlaylistAgent.swift */,
			);
			path = Services;
			sourceTree = "<group>";
		};
		B39321AB25B9B7F0008DA94F /* Models */ = {
			isa = PBXGroup;
			children = (
				B39321AC25B9B7F9008DA94F /* User.swift */,
				B30F82DB25BD4F3C0079091D /* Playlists.swift */,
			);
			path = Models;
			sourceTree = "<group>";
		};
/* End PBXGroup section */

/* Begin PBXNativeTarget section */
		B366846F25B95554009C9F72 /* Lisztomania */ = {
			isa = PBXNativeTarget;
			buildConfigurationList = B366849525B95557009C9F72 /* Build configuration list for PBXNativeTarget "Lisztomania" */;
			buildPhases = (
				B366846C25B95554009C9F72 /* Sources */,
				B366846D25B95554009C9F72 /* Frameworks */,
				B366846E25B95554009C9F72 /* Resources */,
			);
			buildRules = (
			);
			dependencies = (
			);
			name = Lisztomania;
			packageProductDependencies = (
				B3B1931725BEED7C003EE0FF /* Kingfisher */,
			);
			productName = Lisztomania;
			productReference = B366847025B95554009C9F72 /* Lisztomania.app */;
			productType = "com.apple.product-type.application";
		};
		B366848025B95557009C9F72 /* LisztomaniaTests */ = {
			isa = PBXNativeTarget;
			buildConfigurationList = B366849825B95557009C9F72 /* Build configuration list for PBXNativeTarget "LisztomaniaTests" */;
			buildPhases = (
				B366847D25B95557009C9F72 /* Sources */,
				B366847E25B95557009C9F72 /* Frameworks */,
				B366847F25B95557009C9F72 /* Resources */,
			);
			buildRules = (
			);
			dependencies = (
				B366848325B95557009C9F72 /* PBXTargetDependency */,
			);
			name = LisztomaniaTests;
			productName = LisztomaniaTests;
			productReference = B366848125B95557009C9F72 /* LisztomaniaTests.xctest */;
			productType = "com.apple.product-type.bundle.unit-test";
		};
		B366848B25B95557009C9F72 /* LisztomaniaUITests */ = {
			isa = PBXNativeTarget;
			buildConfigurationList = B366849B25B95557009C9F72 /* Build configuration list for PBXNativeTarget "LisztomaniaUITests" */;
			buildPhases = (
				B366848825B95557009C9F72 /* Sources */,
				B366848925B95557009C9F72 /* Frameworks */,
				B366848A25B95557009C9F72 /* Resources */,
			);
			buildRules = (
			);
			dependencies = (
				B366848E25B95557009C9F72 /* PBXTargetDependency */,
			);
			name = LisztomaniaUITests;
			productName = LisztomaniaUITests;
			productReference = B366848C25B95557009C9F72 /* LisztomaniaUITests.xctest */;
			productType = "com.apple.product-type.bundle.ui-testing";
		};
/* End PBXNativeTarget section */

/* Begin PBXProject section */
		B366846825B95554009C9F72 /* Project object */ = {
			isa = PBXProject;
			attributes = {
				LastSwiftUpdateCheck = 1230;
				LastUpgradeCheck = 1230;
				TargetAttributes = {
					B366846F25B95554009C9F72 = {
						CreatedOnToolsVersion = 12.3;
					};
					B366848025B95557009C9F72 = {
						CreatedOnToolsVersion = 12.3;
						TestTargetID = B366846F25B95554009C9F72;
					};
					B366848B25B95557009C9F72 = {
						CreatedOnToolsVersion = 12.3;
						TestTargetID = B366846F25B95554009C9F72;
					};
				};
			};
			buildConfigurationList = B366846B25B95554009C9F72 /* Build configuration list for PBXProject "Lisztomania" */;
			compatibilityVersion = "Xcode 9.3";
			developmentRegion = en;
			hasScannedForEncodings = 0;
			knownRegions = (
				en,
				Base,
			);
			mainGroup = B366846725B95554009C9F72;
			packageReferences = (
				B3B1931625BEED7C003EE0FF /* XCRemoteSwiftPackageReference "Kingfisher" */,
			);
			productRefGroup = B366847125B95554009C9F72 /* Products */;
			projectDirPath = "";
			projectRoot = "";
			targets = (
				B366846F25B95554009C9F72 /* Lisztomania */,
				B366848025B95557009C9F72 /* LisztomaniaTests */,
				B366848B25B95557009C9F72 /* LisztomaniaUITests */,
			);
		};
/* End PBXProject section */

/* Begin PBXResourcesBuildPhase section */
		B366846E25B95554009C9F72 /* Resources */ = {
			isa = PBXResourcesBuildPhase;
			buildActionMask = 2147483647;
			files = (
				B366847B25B95556009C9F72 /* Preview Assets.xcassets in Resources */,
				B366847825B95556009C9F72 /* Assets.xcassets in Resources */,
			);
			runOnlyForDeploymentPostprocessing = 0;
		};
		B366847F25B95557009C9F72 /* Resources */ = {
			isa = PBXResourcesBuildPhase;
			buildActionMask = 2147483647;
			files = (
			);
			runOnlyForDeploymentPostprocessing = 0;
		};
		B366848A25B95557009C9F72 /* Resources */ = {
			isa = PBXResourcesBuildPhase;
			buildActionMask = 2147483647;
			files = (
			);
			runOnlyForDeploymentPostprocessing = 0;
		};
/* End PBXResourcesBuildPhase section */

/* Begin PBXSourcesBuildPhase section */
		B366846C25B95554009C9F72 /* Sources */ = {
			isa = PBXSourcesBuildPhase;
			buildActionMask = 2147483647;
			files = (
				B30F82DC25BD4F3C0079091D /* Playlists.swift in Sources */,
				B393218525B9ABE2008DA94F /* MeRouter.swift in Sources */,
				B36684BD25B9565F009C9F72 /* AppState.swift in Sources */,
				B36684C725B9565F009C9F72 /* World.swift in Sources */,
				B366847625B95554009C9F72 /* HomeView.swift in Sources */,
				B393217325B9A5E2008DA94F /* Agent.swift in Sources */,
				B36684C125B9565F009C9F72 /* PlaylistReducer.swift in Sources */,
				B393217B25B9A8B9008DA94F /* AgentRequest.swift in Sources */,
				B36684C625B9565F009C9F72 /* Store.swift in Sources */,
				B36684C225B9565F009C9F72 /* PlaylistAction.swift in Sources */,
				B393219425B9AF31008DA94F /* ApiRouter.swift in Sources */,
				B36684BF25B9565F009C9F72 /* AppAction.swift in Sources */,
				B30F82D425BD3EE10079091D /* PlaylistAgent.swift in Sources */,
				B36684BE25B9565F009C9F72 /* AppReducer.swift in Sources */,
				B366847425B95554009C9F72 /* LisztomaniaApp.swift in Sources */,
				B393219D25B9B1A1008DA94F /* MeAgent.swift in Sources */,
				B30F82E125BD55660079091D /* PlaylistRouter.swift in Sources */,
				B36684C025B9565F009C9F72 /* PlaylistState.swift in Sources */,
				B393218E25B9AC84008DA94F /* Constants.swift in Sources */,
				B39321AD25B9B7F9008DA94F /* User.swift in Sources */,
			);
			runOnlyForDeploymentPostprocessing = 0;
		};
		B366847D25B95557009C9F72 /* Sources */ = {
			isa = PBXSourcesBuildPhase;
			buildActionMask = 2147483647;
			files = (
				B366848625B95557009C9F72 /* LisztomaniaTests.swift in Sources */,
			);
			runOnlyForDeploymentPostprocessing = 0;
		};
		B366848825B95557009C9F72 /* Sources */ = {
			isa = PBXSourcesBuildPhase;
			buildActionMask = 2147483647;
			files = (
				B366849125B95557009C9F72 /* LisztomaniaUITests.swift in Sources */,
			);
			runOnlyForDeploymentPostprocessing = 0;
		};
/* End PBXSourcesBuildPhase section */

/* Begin PBXTargetDependency section */
		B366848325B95557009C9F72 /* PBXTargetDependency */ = {
			isa = PBXTargetDependency;
			target = B366846F25B95554009C9F72 /* Lisztomania */;
			targetProxy = B366848225B95557009C9F72 /* PBXContainerItemProxy */;
		};
		B366848E25B95557009C9F72 /* PBXTargetDependency */ = {
			isa = PBXTargetDependency;
			target = B366846F25B95554009C9F72 /* Lisztomania */;
			targetProxy = B366848D25B95557009C9F72 /* PBXContainerItemProxy */;
		};
/* End PBXTargetDependency section */

/* Begin XCBuildConfiguration section */
		B366849325B95557009C9F72 /* Debug */ = {
			isa = XCBuildConfiguration;
			buildSettings = {
				ALWAYS_SEARCH_USER_PATHS = NO;
				CLANG_ANALYZER_NONNULL = YES;
				CLANG_ANALYZER_NUMBER_OBJECT_CONVERSION = YES_AGGRESSIVE;
				CLANG_CXX_LANGUAGE_STANDARD = "gnu++14";
				CLANG_CXX_LIBRARY = "libc++";
				CLANG_ENABLE_MODULES = YES;
				CLANG_ENABLE_OBJC_ARC = YES;
				CLANG_ENABLE_OBJC_WEAK = YES;
				CLANG_WARN_BLOCK_CAPTURE_AUTORELEASING = YES;
				CLANG_WARN_BOOL_CONVERSION = YES;
				CLANG_WARN_COMMA = YES;
				CLANG_WARN_CONSTANT_CONVERSION = YES;
				CLANG_WARN_DEPRECATED_OBJC_IMPLEMENTATIONS = YES;
				CLANG_WARN_DIRECT_OBJC_ISA_USAGE = YES_ERROR;
				CLANG_WARN_DOCUMENTATION_COMMENTS = YES;
				CLANG_WARN_EMPTY_BODY = YES;
				CLANG_WARN_ENUM_CONVERSION = YES;
				CLANG_WARN_INFINITE_RECURSION = YES;
				CLANG_WARN_INT_CONVERSION = YES;
				CLANG_WARN_NON_LITERAL_NULL_CONVERSION = YES;
				CLANG_WARN_OBJC_IMPLICIT_RETAIN_SELF = YES;
				CLANG_WARN_OBJC_LITERAL_CONVERSION = YES;
				CLANG_WARN_OBJC_ROOT_CLASS = YES_ERROR;
				CLANG_WARN_QUOTED_INCLUDE_IN_FRAMEWORK_HEADER = YES;
				CLANG_WARN_RANGE_LOOP_ANALYSIS = YES;
				CLANG_WARN_STRICT_PROTOTYPES = YES;
				CLANG_WARN_SUSPICIOUS_MOVE = YES;
				CLANG_WARN_UNGUARDED_AVAILABILITY = YES_AGGRESSIVE;
				CLANG_WARN_UNREACHABLE_CODE = YES;
				CLANG_WARN__DUPLICATE_METHOD_MATCH = YES;
				COPY_PHASE_STRIP = NO;
				DEBUG_INFORMATION_FORMAT = dwarf;
				ENABLE_STRICT_OBJC_MSGSEND = YES;
				ENABLE_TESTABILITY = YES;
				GCC_C_LANGUAGE_STANDARD = gnu11;
				GCC_DYNAMIC_NO_PIC = NO;
				GCC_NO_COMMON_BLOCKS = YES;
				GCC_OPTIMIZATION_LEVEL = 0;
				GCC_PREPROCESSOR_DEFINITIONS = (
					"DEBUG=1",
					"$(inherited)",
				);
				GCC_WARN_64_TO_32_BIT_CONVERSION = YES;
				GCC_WARN_ABOUT_RETURN_TYPE = YES_ERROR;
				GCC_WARN_UNDECLARED_SELECTOR = YES;
				GCC_WARN_UNINITIALIZED_AUTOS = YES_AGGRESSIVE;
				GCC_WARN_UNUSED_FUNCTION = YES;
				GCC_WARN_UNUSED_VARIABLE = YES;
				IPHONEOS_DEPLOYMENT_TARGET = 14.3;
				MTL_ENABLE_DEBUG_INFO = INCLUDE_SOURCE;
				MTL_FAST_MATH = YES;
				ONLY_ACTIVE_ARCH = YES;
				SDKROOT = iphoneos;
				SWIFT_ACTIVE_COMPILATION_CONDITIONS = DEBUG;
				SWIFT_OPTIMIZATION_LEVEL = "-Onone";
			};
			name = Debug;
		};
		B366849425B95557009C9F72 /* Release */ = {
			isa = XCBuildConfiguration;
			buildSettings = {
				ALWAYS_SEARCH_USER_PATHS = NO;
				CLANG_ANALYZER_NONNULL = YES;
				CLANG_ANALYZER_NUMBER_OBJECT_CONVERSION = YES_AGGRESSIVE;
				CLANG_CXX_LANGUAGE_STANDARD = "gnu++14";
				CLANG_CXX_LIBRARY = "libc++";
				CLANG_ENABLE_MODULES = YES;
				CLANG_ENABLE_OBJC_ARC = YES;
				CLANG_ENABLE_OBJC_WEAK = YES;
				CLANG_WARN_BLOCK_CAPTURE_AUTORELEASING = YES;
				CLANG_WARN_BOOL_CONVERSION = YES;
				CLANG_WARN_COMMA = YES;
				CLANG_WARN_CONSTANT_CONVERSION = YES;
				CLANG_WARN_DEPRECATED_OBJC_IMPLEMENTATIONS = YES;
				CLANG_WARN_DIRECT_OBJC_ISA_USAGE = YES_ERROR;
				CLANG_WARN_DOCUMENTATION_COMMENTS = YES;
				CLANG_WARN_EMPTY_BODY = YES;
				CLANG_WARN_ENUM_CONVERSION = YES;
				CLANG_WARN_INFINITE_RECURSION = YES;
				CLANG_WARN_INT_CONVERSION = YES;
				CLANG_WARN_NON_LITERAL_NULL_CONVERSION = YES;
				CLANG_WARN_OBJC_IMPLICIT_RETAIN_SELF = YES;
				CLANG_WARN_OBJC_LITERAL_CONVERSION = YES;
				CLANG_WARN_OBJC_ROOT_CLASS = YES_ERROR;
				CLANG_WARN_QUOTED_INCLUDE_IN_FRAMEWORK_HEADER = YES;
				CLANG_WARN_RANGE_LOOP_ANALYSIS = YES;
				CLANG_WARN_STRICT_PROTOTYPES = YES;
				CLANG_WARN_SUSPICIOUS_MOVE = YES;
				CLANG_WARN_UNGUARDED_AVAILABILITY = YES_AGGRESSIVE;
				CLANG_WARN_UNREACHABLE_CODE = YES;
				CLANG_WARN__DUPLICATE_METHOD_MATCH = YES;
				COPY_PHASE_STRIP = NO;
				DEBUG_INFORMATION_FORMAT = "dwarf-with-dsym";
				ENABLE_NS_ASSERTIONS = NO;
				ENABLE_STRICT_OBJC_MSGSEND = YES;
				GCC_C_LANGUAGE_STANDARD = gnu11;
				GCC_NO_COMMON_BLOCKS = YES;
				GCC_WARN_64_TO_32_BIT_CONVERSION = YES;
				GCC_WARN_ABOUT_RETURN_TYPE = YES_ERROR;
				GCC_WARN_UNDECLARED_SELECTOR = YES;
				GCC_WARN_UNINITIALIZED_AUTOS = YES_AGGRESSIVE;
				GCC_WARN_UNUSED_FUNCTION = YES;
				GCC_WARN_UNUSED_VARIABLE = YES;
				IPHONEOS_DEPLOYMENT_TARGET = 14.3;
				MTL_ENABLE_DEBUG_INFO = NO;
				MTL_FAST_MATH = YES;
				SDKROOT = iphoneos;
				SWIFT_COMPILATION_MODE = wholemodule;
				SWIFT_OPTIMIZATION_LEVEL = "-O";
				VALIDATE_PRODUCT = YES;
			};
			name = Release;
		};
		B366849625B95557009C9F72 /* Debug */ = {
			isa = XCBuildConfiguration;
			buildSettings = {
				ASSETCATALOG_COMPILER_APPICON_NAME = AppIcon;
				ASSETCATALOG_COMPILER_GLOBAL_ACCENT_COLOR_NAME = AccentColor;
				CODE_SIGN_STYLE = Automatic;
				DEBUG_INFORMATION_FORMAT = "dwarf-with-dsym";
				DEVELOPMENT_ASSET_PATHS = "\"Lisztomania/Preview Content\"";
				DEVELOPMENT_TEAM = 6CXX9WJRR3;
				ENABLE_PREVIEWS = YES;
				FRAMEWORK_SEARCH_PATHS = (
					"$(inherited)",
					"$(PROJECT_DIR)",
				);
				INFOPLIST_FILE = "Lisztomania/Supporting Files/Info.plist";
				IPHONEOS_DEPLOYMENT_TARGET = 14.0;
				LD_RUNPATH_SEARCH_PATHS = (
					"$(inherited)",
					"@executable_path/Frameworks",
				);
				OTHER_LDFLAGS = "-ObjC";
				PRODUCT_BUNDLE_IDENTIFIER = com.jaimejazarenoiii.Lisztomania;
				PRODUCT_NAME = "$(TARGET_NAME)";
				STRIP_INSTALLED_PRODUCT = NO;
				SWIFT_OBJC_BRIDGING_HEADER = "Lisztomania-Bridging-Header.h";
				SWIFT_VERSION = 5.0;
				TARGETED_DEVICE_FAMILY = "1,2";
			};
			name = Debug;
		};
		B366849725B95557009C9F72 /* Release */ = {
			isa = XCBuildConfiguration;
			buildSettings = {
				ASSETCATALOG_COMPILER_APPICON_NAME = AppIcon;
				ASSETCATALOG_COMPILER_GLOBAL_ACCENT_COLOR_NAME = AccentColor;
				CODE_SIGN_STYLE = Automatic;
				DEVELOPMENT_ASSET_PATHS = "\"Lisztomania/Preview Content\"";
				DEVELOPMENT_TEAM = 6CXX9WJRR3;
				ENABLE_PREVIEWS = YES;
				FRAMEWORK_SEARCH_PATHS = (
					"$(inherited)",
					"$(PROJECT_DIR)",
				);
				INFOPLIST_FILE = "Lisztomania/Supporting Files/Info.plist";
				IPHONEOS_DEPLOYMENT_TARGET = 14.0;
				LD_RUNPATH_SEARCH_PATHS = (
					"$(inherited)",
					"@executable_path/Frameworks",
				);
				OTHER_LDFLAGS = "-ObjC";
				PRODUCT_BUNDLE_IDENTIFIER = com.jaimejazarenoiii.Lisztomania;
				PRODUCT_NAME = "$(TARGET_NAME)";
				STRIP_INSTALLED_PRODUCT = YES;
				SWIFT_OBJC_BRIDGING_HEADER = "Lisztomania-Bridging-Header.h";
				SWIFT_VERSION = 5.0;
				TARGETED_DEVICE_FAMILY = "1,2";
			};
			name = Release;
		};
		B366849925B95557009C9F72 /* Debug */ = {
			isa = XCBuildConfiguration;
			buildSettings = {
				ALWAYS_EMBED_SWIFT_STANDARD_LIBRARIES = YES;
				BUNDLE_LOADER = "$(TEST_HOST)";
				CODE_SIGN_STYLE = Automatic;
				INFOPLIST_FILE = LisztomaniaTests/Info.plist;
				IPHONEOS_DEPLOYMENT_TARGET = 14.0;
				LD_RUNPATH_SEARCH_PATHS = (
					"$(inherited)",
					"@executable_path/Frameworks",
					"@loader_path/Frameworks",
				);
				PRODUCT_BUNDLE_IDENTIFIER = jaimejazarenoiii.me.LisztomaniaTests;
				PRODUCT_NAME = "$(TARGET_NAME)";
				SWIFT_VERSION = 5.0;
				TARGETED_DEVICE_FAMILY = "1,2";
				TEST_HOST = "$(BUILT_PRODUCTS_DIR)/Lisztomania.app/Lisztomania";
			};
			name = Debug;
		};
		B366849A25B95557009C9F72 /* Release */ = {
			isa = XCBuildConfiguration;
			buildSettings = {
				ALWAYS_EMBED_SWIFT_STANDARD_LIBRARIES = YES;
				BUNDLE_LOADER = "$(TEST_HOST)";
				CODE_SIGN_STYLE = Automatic;
				INFOPLIST_FILE = LisztomaniaTests/Info.plist;
				IPHONEOS_DEPLOYMENT_TARGET = 14.0;
				LD_RUNPATH_SEARCH_PATHS = (
					"$(inherited)",
					"@executable_path/Frameworks",
					"@loader_path/Frameworks",
				);
				PRODUCT_BUNDLE_IDENTIFIER = jaimejazarenoiii.me.LisztomaniaTests;
				PRODUCT_NAME = "$(TARGET_NAME)";
				SWIFT_VERSION = 5.0;
				TARGETED_DEVICE_FAMILY = "1,2";
				TEST_HOST = "$(BUILT_PRODUCTS_DIR)/Lisztomania.app/Lisztomania";
			};
			name = Release;
		};
		B366849C25B95557009C9F72 /* Debug */ = {
			isa = XCBuildConfiguration;
			buildSettings = {
				ALWAYS_EMBED_SWIFT_STANDARD_LIBRARIES = YES;
				CODE_SIGN_STYLE = Automatic;
				INFOPLIST_FILE = LisztomaniaUITests/Info.plist;
				LD_RUNPATH_SEARCH_PATHS = (
					"$(inherited)",
					"@executable_path/Frameworks",
					"@loader_path/Frameworks",
				);
				PRODUCT_BUNDLE_IDENTIFIER = jaimejazarenoiii.me.LisztomaniaUITests;
				PRODUCT_NAME = "$(TARGET_NAME)";
				SWIFT_VERSION = 5.0;
				TARGETED_DEVICE_FAMILY = "1,2";
				TEST_TARGET_NAME = Lisztomania;
			};
			name = Debug;
		};
		B366849D25B95557009C9F72 /* Release */ = {
			isa = XCBuildConfiguration;
			buildSettings = {
				ALWAYS_EMBED_SWIFT_STANDARD_LIBRARIES = YES;
				CODE_SIGN_STYLE = Automatic;
				INFOPLIST_FILE = LisztomaniaUITests/Info.plist;
				LD_RUNPATH_SEARCH_PATHS = (
					"$(inherited)",
					"@executable_path/Frameworks",
					"@loader_path/Frameworks",
				);
				PRODUCT_BUNDLE_IDENTIFIER = jaimejazarenoiii.me.LisztomaniaUITests;
				PRODUCT_NAME = "$(TARGET_NAME)";
				SWIFT_VERSION = 5.0;
				TARGETED_DEVICE_FAMILY = "1,2";
				TEST_TARGET_NAME = Lisztomania;
			};
			name = Release;
		};
/* End XCBuildConfiguration section */

/* Begin XCConfigurationList section */
		B366846B25B95554009C9F72 /* Build configuration list for PBXProject "Lisztomania" */ = {
			isa = XCConfigurationList;
			buildConfigurations = (
				B366849325B95557009C9F72 /* Debug */,
				B366849425B95557009C9F72 /* Release */,
			);
			defaultConfigurationIsVisible = 0;
			defaultConfigurationName = Debug;
		};
		B366849525B95557009C9F72 /* Build configuration list for PBXNativeTarget "Lisztomania" */ = {
			isa = XCConfigurationList;
			buildConfigurations = (
				B366849625B95557009C9F72 /* Debug */,
				B366849725B95557009C9F72 /* Release */,
			);
			defaultConfigurationIsVisible = 0;
			defaultConfigurationName = Debug;
		};
		B366849825B95557009C9F72 /* Build configuration list for PBXNativeTarget "LisztomaniaTests" */ = {
			isa = XCConfigurationList;
			buildConfigurations = (
				B366849925B95557009C9F72 /* Debug */,
				B366849A25B95557009C9F72 /* Release */,
			);
			defaultConfigurationIsVisible = 0;
			defaultConfigurationName = Debug;
		};
		B366849B25B95557009C9F72 /* Build configuration list for PBXNativeTarget "LisztomaniaUITests" */ = {
			isa = XCConfigurationList;
			buildConfigurations = (
				B366849C25B95557009C9F72 /* Debug */,
				B366849D25B95557009C9F72 /* Release */,
			);
			defaultConfigurationIsVisible = 0;
			defaultConfigurationName = Debug;
		};
/* End XCConfigurationList section */

/* Begin XCRemoteSwiftPackageReference section */
		B3B1931625BEED7C003EE0FF /* XCRemoteSwiftPackageReference "Kingfisher" */ = {
			isa = XCRemoteSwiftPackageReference;
			repositoryURL = "https://github.com/onevcat/Kingfisher.git";
			requirement = {
				kind = upToNextMajorVersion;
				minimumVersion = 6.0.1;
			};
		};
/* End XCRemoteSwiftPackageReference section */

/* Begin XCSwiftPackageProductDependency section */
		B3B1931725BEED7C003EE0FF /* Kingfisher */ = {
			isa = XCSwiftPackageProductDependency;
			package = B3B1931625BEED7C003EE0FF /* XCRemoteSwiftPackageReference "Kingfisher" */;
			productName = Kingfisher;
		};
/* End XCSwiftPackageProductDependency section */
	};
	rootObject = B366846825B95554009C9F72 /* Project object */;
}
